
Microsoft Visual Studio Solution File, Format Version 12.00
# Visual Studio Version 17
VisualStudioVersion = 17.14.36616.10 d17.14
MinimumVisualStudioVersion = 10.0.40219.1
Project("{FAE04EC0-301F-11D3-BF4B-00C04F79EFBC}") = "Academico.Web", "Academico.Web.csproj", "{1EDB5A9B-E892-484D-AFB9-94485ED6738D}"
EndProject
Global
	GlobalSection(SolutionConfigurationPlatforms) = preSolution
		Debug|Any CPU = Debug|Any CPU
		Release|Any CPU = Release|Any CPU
	EndGlobalSection
	GlobalSection(ProjectConfigurationPlatforms) = postSolution
		{1EDB5A9B-E892-484D-AFB9-94485ED6738D}.Debug|Any CPU.ActiveCfg = Debug|Any CPU
		{1EDB5A9B-E892-484D-AFB9-94485ED6738D}.Debug|Any CPU.Build.0 = Debug|Any CPU
		{1EDB5A9B-E892-484D-AFB9-94485ED6738D}.Release|Any CPU.ActiveCfg = Release|Any CPU
		{1EDB5A9B-E892-484D-AFB9-94485ED6738D}.Release|Any CPU.Build.0 = Release|Any CPU
	EndGlobalSection
	GlobalSection(SolutionProperties) = preSolution
		HideSolutionNode = FALSE
	EndGlobalSection
	GlobalSection(ExtensibilityGlobals) = postSolution
		SolutionGuid = {EA083EDF-F682-49BF-BD5A-3289325A5479}
	EndGlobalSection
EndGlobal
